
Microsoft Visual Studio Solution File, Format Version 12.00
# Visual Studio Version 16
VisualStudioVersion = 16.0.810.22
MinimumVisualStudioVersion = 10.0.40219.1
Project("{FAE04EC0-301F-11D3-BF4B-00C04F79EFBC}") = "name-sorter", "name-sorter\name-sorter.csproj", "{8A35A787-6EC4-4AA5-9D2F-9950B26DC73D}"
EndProject
Project("{FAE04EC0-301F-11D3-BF4B-00C04F79EFBC}") = "UnitTests", "UnitTests\UnitTests.csproj", "{852D38A0-3879-4CEB-AB17-32821BB5AD01}"
EndProject
Global
	GlobalSection(SolutionConfigurationPlatforms) = preSolution
		Debug|Any CPU = Debug|Any CPU
		Release|Any CPU = Release|Any CPU
	EndGlobalSection
	GlobalSection(ProjectConfigurationPlatforms) = postSolution
		{8A35A787-6EC4-4AA5-9D2F-9950B26DC73D}.Debug|Any CPU.ActiveCfg = Debug|Any CPU
		{8A35A787-6EC4-4AA5-9D2F-9950B26DC73D}.Debug|Any CPU.Build.0 = Debug|Any CPU
		{8A35A787-6EC4-4AA5-9D2F-9950B26DC73D}.Release|Any CPU.ActiveCfg = Release|Any CPU
		{8A35A787-6EC4-4AA5-9D2F-9950B26DC73D}.Release|Any CPU.Build.0 = Release|Any CPU
		{852D38A0-3879-4CEB-AB17-32821BB5AD01}.Debug|Any CPU.ActiveCfg = Debug|Any CPU
		{852D38A0-3879-4CEB-AB17-32821BB5AD01}.Debug|Any CPU.Build.0 = Debug|Any CPU
		{852D38A0-3879-4CEB-AB17-32821BB5AD01}.Release|Any CPU.ActiveCfg = Release|Any CPU
		{852D38A0-3879-4CEB-AB17-32821BB5AD01}.Release|Any CPU.Build.0 = Release|Any CPU
	EndGlobalSection
	GlobalSection(SolutionProperties) = preSolution
		HideSolutionNode = FALSE
	EndGlobalSection
	GlobalSection(ExtensibilityGlobals) = postSolution
		SolutionGuid = {7C91430A-AFC3-4E66-AD34-F59C4C99BE6D}
	EndGlobalSection
EndGlobal
